// !$*UTF8*$!
{
	archiveVersion = 1;
	classes = {
	};
	objectVersion = 55;
	objects = {

/* Begin PBXBuildFile section */
		154B3DB628EF360A00123405 /* AppDelegate.swift in Sources */ = {isa = PBXBuildFile; fileRef = 154B3DB528EF360A00123405 /* AppDelegate.swift */; };
		154B3DB828EF360A00123405 /* SceneDelegate.swift in Sources */ = {isa = PBXBuildFile; fileRef = 154B3DB728EF360A00123405 /* SceneDelegate.swift */; };
		154B3DBA28EF360A00123405 /* ViewController.swift in Sources */ = {isa = PBXBuildFile; fileRef = 154B3DB928EF360A00123405 /* ViewController.swift */; };
		154B3DBD28EF360A00123405 /* Main.storyboard in Resources */ = {isa = PBXBuildFile; fileRef = 154B3DBB28EF360A00123405 /* Main.storyboard */; };
		154B3DBF28EF360D00123405 /* Assets.xcassets in Resources */ = {isa = PBXBuildFile; fileRef = 154B3DBE28EF360D00123405 /* Assets.xcassets */; };
		154B3DC228EF360D00123405 /* LaunchScreen.storyboard in Resources */ = {isa = PBXBuildFile; fileRef = 154B3DC028EF360D00123405 /* LaunchScreen.storyboard */; };
		154B3DCA28EF399600123405 /* APIClient.swift in Sources */ = {isa = PBXBuildFile; fileRef = 154B3DC928EF399600123405 /* APIClient.swift */; };
		154B3DF328F2B62F00123405 /* LoginViewController.swift in Sources */ = {isa = PBXBuildFile; fileRef = 154B3DF228F2B62F00123405 /* LoginViewController.swift */; };
		154B3DF528F2B84300123405 /* FeedViewController.swift in Sources */ = {isa = PBXBuildFile; fileRef = 154B3DF428F2B84300123405 /* FeedViewController.swift */; };
		154B3DF728F2B95000123405 /* InvertingDependency.swift in Sources */ = {isa = PBXBuildFile; fileRef = 154B3DF628F2B95000123405 /* InvertingDependency.swift */; };
		154B3E7D28F5CA0D00123405 /* DependencyDiagram.drawio in Resources */ = {isa = PBXBuildFile; fileRef = 154B3E7C28F5CA0D00123405 /* DependencyDiagram.drawio */; };
/* End PBXBuildFile section */

/* Begin PBXFileReference section */
		154B3DB228EF360A00123405 /* EDevLearning.app */ = {isa = PBXFileReference; explicitFileType = wrapper.application; includeInIndex = 0; path = EDevLearning.app; sourceTree = BUILT_PRODUCTS_DIR; };
		154B3DB528EF360A00123405 /* AppDelegate.swift */ = {isa = PBXFileReference; lastKnownFileType = sourcecode.swift; path = AppDelegate.swift; sourceTree = "<group>"; };
		154B3DB728EF360A00123405 /* SceneDelegate.swift */ = {isa = PBXFileReference; lastKnownFileType = sourcecode.swift; path = SceneDelegate.swift; sourceTree = "<group>"; };
		154B3DB928EF360A00123405 /* ViewController.swift */ = {isa = PBXFileReference; lastKnownFileType = sourcecode.swift; path = ViewController.swift; sourceTree = "<group>"; };
		154B3DBC28EF360A00123405 /* Base */ = {isa = PBXFileReference; lastKnownFileType = file.storyboard; name = Base; path = Base.lproj/Main.storyboard; sourceTree = "<group>"; };
		154B3DBE28EF360D00123405 /* Assets.xcassets */ = {isa = PBXFileReference; lastKnownFileType = folder.assetcatalog; path = Assets.xcassets; sourceTree = "<group>"; };
		154B3DC128EF360D00123405 /* Base */ = {isa = PBXFileReference; lastKnownFileType = file.storyboard; name = Base; path = Base.lproj/LaunchScreen.storyboard; sourceTree = "<group>"; };
		154B3DC328EF360D00123405 /* Info.plist */ = {isa = PBXFileReference; lastKnownFileType = text.plist.xml; path = Info.plist; sourceTree = "<group>"; };
		154B3DC928EF399600123405 /* APIClient.swift */ = {isa = PBXFileReference; lastKnownFileType = sourcecode.swift; path = APIClient.swift; sourceTree = "<group>"; };
		154B3DF228F2B62F00123405 /* LoginViewController.swift */ = {isa = PBXFileReference; lastKnownFileType = sourcecode.swift; path = LoginViewController.swift; sourceTree = "<group>"; };
		154B3DF428F2B84300123405 /* FeedViewController.swift */ = {isa = PBXFileReference; lastKnownFileType = sourcecode.swift; path = FeedViewController.swift; sourceTree = "<group>"; };
		154B3DF628F2B95000123405 /* InvertingDependency.swift */ = {isa = PBXFileReference; lastKnownFileType = sourcecode.swift; path = InvertingDependency.swift; sourceTree = "<group>"; };
		154B3E7C28F5CA0D00123405 /* DependencyDiagram.drawio */ = {isa = PBXFileReference; fileEncoding = 4; lastKnownFileType = text; path = DependencyDiagram.drawio; sourceTree = "<group>"; };
/* End PBXFileReference section */

/* Begin PBXFrameworksBuildPhase section */
		154B3DAF28EF360A00123405 /* Frameworks */ = {
			isa = PBXFrameworksBuildPhase;
			buildActionMask = 2147483647;
			files = (
			);
			runOnlyForDeploymentPostprocessing = 0;
		};
/* End PBXFrameworksBuildPhase section */

/* Begin PBXGroup section */
		154B3DA928EF360A00123405 = {
			isa = PBXGroup;
			children = (
				154B3DB428EF360A00123405 /* EDevLearning */,
				154B3DB328EF360A00123405 /* Products */,
			);
			sourceTree = "<group>";
		};
		154B3DB328EF360A00123405 /* Products */ = {
			isa = PBXGroup;
			children = (
				154B3DB228EF360A00123405 /* EDevLearning.app */,
			);
			name = Products;
			sourceTree = "<group>";
		};
		154B3DB428EF360A00123405 /* EDevLearning */ = {
			isa = PBXGroup;
			children = (
				154B3DFB28F5A85500123405 /* DD */,
				154B3DB528EF360A00123405 /* AppDelegate.swift */,
				154B3DB728EF360A00123405 /* SceneDelegate.swift */,
				154B3DB928EF360A00123405 /* ViewController.swift */,
				154B3DCB28EF399A00123405 /* Singleton */,
				154B3DBB28EF360A00123405 /* Main.storyboard */,
				154B3DBE28EF360D00123405 /* Assets.xcassets */,
				154B3DC028EF360D00123405 /* LaunchScreen.storyboard */,
				154B3DC328EF360D00123405 /* Info.plist */,
			);
			path = EDevLearning;
			sourceTree = "<group>";
		};
		154B3DCB28EF399A00123405 /* Singleton */ = {
			isa = PBXGroup;
			children = (
				154B3DC928EF399600123405 /* APIClient.swift */,
				154B3DF228F2B62F00123405 /* LoginViewController.swift */,
				154B3DF428F2B84300123405 /* FeedViewController.swift */,
				154B3DF628F2B95000123405 /* InvertingDependency.swift */,
			);
			path = Singleton;
			sourceTree = "<group>";
		};
		154B3DFB28F5A85500123405 /* DD */ = {
			isa = PBXGroup;
			children = (
				154B3E7C28F5CA0D00123405 /* DependencyDiagram.drawio */,
			);
			path = DD;
			sourceTree = "<group>";
		};
/* End PBXGroup section */

/* Begin PBXNativeTarget section */
		154B3DB128EF360A00123405 /* EDevLearning */ = {
			isa = PBXNativeTarget;
			buildConfigurationList = 154B3DC628EF360D00123405 /* Build configuration list for PBXNativeTarget "EDevLearning" */;
			buildPhases = (
				154B3DAE28EF360A00123405 /* Sources */,
				154B3DAF28EF360A00123405 /* Frameworks */,
				154B3DB028EF360A00123405 /* Resources */,
			);
			buildRules = (
			);
			dependencies = (
			);
			name = EDevLearning;
			productName = EDevLearning;
			productReference = 154B3DB228EF360A00123405 /* EDevLearning.app */;
			productType = "com.apple.product-type.application";
		};
/* End PBXNativeTarget section */

/* Begin PBXProject section */
		154B3DAA28EF360A00123405 /* Project object */ = {
			isa = PBXProject;
			attributes = {
				BuildIndependentTargetsInParallel = 1;
				LastSwiftUpdateCheck = 1330;
				LastUpgradeCheck = 1330;
				TargetAttributes = {
					154B3DB128EF360A00123405 = {
						CreatedOnToolsVersion = 13.3.1;
					};
				};
			};
			buildConfigurationList = 154B3DAD28EF360A00123405 /* Build configuration list for PBXProject "EDevLearning" */;
			compatibilityVersion = "Xcode 13.0";
			developmentRegion = en;
			hasScannedForEncodings = 0;
			knownRegions = (
				en,
				Base,
			);
			mainGroup = 154B3DA928EF360A00123405;
			productRefGroup = 154B3DB328EF360A00123405 /* Products */;
			projectDirPath = "";
			projectRoot = "";
			targets = (
				154B3DB128EF360A00123405 /* EDevLearning */,
			);
		};
/* End PBXProject section */

/* Begin PBXResourcesBuildPhase section */
		154B3DB028EF360A00123405 /* Resources */ = {
			isa = PBXResourcesBuildPhase;
			buildActionMask = 2147483647;
			files = (
				154B3E7D28F5CA0D00123405 /* DependencyDiagram.drawio in Resources */,
				154B3DC228EF360D00123405 /* LaunchScreen.storyboard in Resources */,
				154B3DBF28EF360D00123405 /* Assets.xcassets in Resources */,
				154B3DBD28EF360A00123405 /* Main.storyboard in Resources */,
			);
			runOnlyForDeploymentPostprocessing = 0;
		};
/* End PBXResourcesBuildPhase section */

/* Begin PBXSourcesBuildPhase section */
		154B3DAE28EF360A00123405 /* Sources */ = {
			isa = PBXSourcesBuildPhase;
			buildActionMask = 2147483647;
			files = (
				154B3DF728F2B95000123405 /* InvertingDependency.swift in Sources */,
				154B3DBA28EF360A00123405 /* ViewController.swift in Sources */,
				154B3DB628EF360A00123405 /* AppDelegate.swift in Sources */,
				154B3DF328F2B62F00123405 /* LoginViewController.swift in Sources */,
				154B3DB828EF360A00123405 /* SceneDelegate.swift in Sources */,
				154B3DF528F2B84300123405 /* FeedViewController.swift in Sources */,
				154B3DCA28EF399600123405 /* APIClient.swift in Sources */,
			);
			runOnlyForDeploymentPostprocessing = 0;
		};
/* End PBXSourcesBuildPhase section */

/* Begin PBXVariantGroup section */
		154B3DBB28EF360A00123405 /* Main.storyboard */ = {
			isa = PBXVariantGroup;
			children = (
				154B3DBC28EF360A00123405 /* Base */,
			);
			name = Main.storyboard;
			sourceTree = "<group>";
		};
		154B3DC028EF360D00123405 /* LaunchScreen.storyboard */ = {
			isa = PBXVariantGroup;
			children = (
				154B3DC128EF360D00123405 /* Base */,
			);
			name = LaunchScreen.storyboard;
			sourceTree = "<group>";
		};
/* End PBXVariantGroup section */

/* Begin XCBuildConfiguration section */
		154B3DC428EF360D00123405 /* Debug */ = {
			isa = XCBuildConfiguration;
			buildSettings = {
				ALWAYS_SEARCH_USER_PATHS = NO;
				CLANG_ANALYZER_NONNULL = YES;
				CLANG_ANALYZER_NUMBER_OBJECT_CONVERSION = YES_AGGRESSIVE;
				CLANG_CXX_LANGUAGE_STANDARD = "gnu++17";
				CLANG_ENABLE_MODULES = YES;
				CLANG_ENABLE_OBJC_ARC = YES;
				CLANG_ENABLE_OBJC_WEAK = YES;
				CLANG_WARN_BLOCK_CAPTURE_AUTORELEASING = YES;
				CLANG_WARN_BOOL_CONVERSION = YES;
				CLANG_WARN_COMMA = YES;
				CLANG_WARN_CONSTANT_CONVERSION = YES;
				CLANG_WARN_DEPRECATED_OBJC_IMPLEMENTATIONS = YES;
				CLANG_WARN_DIRECT_OBJC_ISA_USAGE = YES_ERROR;
				CLANG_WARN_DOCUMENTATION_COMMENTS = YES;
				CLANG_WARN_EMPTY_BODY = YES;
				CLANG_WARN_ENUM_CONVERSION = YES;
				CLANG_WARN_INFINITE_RECURSION = YES;
				CLANG_WARN_INT_CONVERSION = YES;
				CLANG_WARN_NON_LITERAL_NULL_CONVERSION = YES;
				CLANG_WARN_OBJC_IMPLICIT_RETAIN_SELF = YES;
				CLANG_WARN_OBJC_LITERAL_CONVERSION = YES;
				CLANG_WARN_OBJC_ROOT_CLASS = YES_ERROR;
				CLANG_WARN_QUOTED_INCLUDE_IN_FRAMEWORK_HEADER = YES;
				CLANG_WARN_RANGE_LOOP_ANALYSIS = YES;
				CLANG_WARN_STRICT_PROTOTYPES = YES;
				CLANG_WARN_SUSPICIOUS_MOVE = YES;
				CLANG_WARN_UNGUARDED_AVAILABILITY = YES_AGGRESSIVE;
				CLANG_WARN_UNREACHABLE_CODE = YES;
				CLANG_WARN__DUPLICATE_METHOD_MATCH = YES;
				COPY_PHASE_STRIP = NO;
				DEBUG_INFORMATION_FORMAT = dwarf;
				ENABLE_STRICT_OBJC_MSGSEND = YES;
				ENABLE_TESTABILITY = YES;
				GCC_C_LANGUAGE_STANDARD = gnu11;
				GCC_DYNAMIC_NO_PIC = NO;
				GCC_NO_COMMON_BLOCKS = YES;
				GCC_OPTIMIZATION_LEVEL = 0;
				GCC_PREPROCESSOR_DEFINITIONS = (
					"DEBUG=1",
					"$(inherited)",
				);
				GCC_WARN_64_TO_32_BIT_CONVERSION = YES;
				GCC_WARN_ABOUT_RETURN_TYPE = YES_ERROR;
				GCC_WARN_UNDECLARED_SELECTOR = YES;
				GCC_WARN_UNINITIALIZED_AUTOS = YES_AGGRESSIVE;
				GCC_WARN_UNUSED_FUNCTION = YES;
				GCC_WARN_UNUSED_VARIABLE = YES;
				IPHONEOS_DEPLOYMENT_TARGET = 15.4;
				MTL_ENABLE_DEBUG_INFO = INCLUDE_SOURCE;
				MTL_FAST_MATH = YES;
				ONLY_ACTIVE_ARCH = YES;
				SDKROOT = iphoneos;
				SWIFT_ACTIVE_COMPILATION_CONDITIONS = DEBUG;
				SWIFT_OPTIMIZATION_LEVEL = "-Onone";
			};
			name = Debug;
		};
		154B3DC528EF360D00123405 /* Release */ = {
			isa = XCBuildConfiguration;
			buildSettings = {
				ALWAYS_SEARCH_USER_PATHS = NO;
				CLANG_ANALYZER_NONNULL = YES;
				CLANG_ANALYZER_NUMBER_OBJECT_CONVERSION = YES_AGGRESSIVE;
				CLANG_CXX_LANGUAGE_STANDARD = "gnu++17";
				CLANG_ENABLE_MODULES = YES;
				CLANG_ENABLE_OBJC_ARC = YES;
				CLANG_ENABLE_OBJC_WEAK = YES;
				CLANG_WARN_BLOCK_CAPTURE_AUTORELEASING = YES;
				CLANG_WARN_BOOL_CONVERSION = YES;
				CLANG_WARN_COMMA = YES;
				CLANG_WARN_CONSTANT_CONVERSION = YES;
				CLANG_WARN_DEPRECATED_OBJC_IMPLEMENTATIONS = YES;
				CLANG_WARN_DIRECT_OBJC_ISA_USAGE = YES_ERROR;
				CLANG_WARN_DOCUMENTATION_COMMENTS = YES;
				CLANG_WARN_EMPTY_BODY = YES;
				CLANG_WARN_ENUM_CONVERSION = YES;
				CLANG_WARN_INFINITE_RECURSION = YES;
				CLANG_WARN_INT_CONVERSION = YES;
				CLANG_WARN_NON_LITERAL_NULL_CONVERSION = YES;
				CLANG_WARN_OBJC_IMPLICIT_RETAIN_SELF = YES;
				CLANG_WARN_OBJC_LITERAL_CONVERSION = YES;
				CLANG_WARN_OBJC_ROOT_CLASS = YES_ERROR;
				CLANG_WARN_QUOTED_INCLUDE_IN_FRAMEWORK_HEADER = YES;
				CLANG_WARN_RANGE_LOOP_ANALYSIS = YES;
				CLANG_WARN_STRICT_PROTOTYPES = YES;
				CLANG_WARN_SUSPICIOUS_MOVE = YES;
				CLANG_WARN_UNGUARDED_AVAILABILITY = YES_AGGRESSIVE;
				CLANG_WARN_UNREACHABLE_CODE = YES;
				CLANG_WARN__DUPLICATE_METHOD_MATCH = YES;
				COPY_PHASE_STRIP = NO;
				DEBUG_INFORMATION_FORMAT = "dwarf-with-dsym";
				ENABLE_NS_ASSERTIONS = NO;
				ENABLE_STRICT_OBJC_MSGSEND = YES;
				GCC_C_LANGUAGE_STANDARD = gnu11;
				GCC_NO_COMMON_BLOCKS = YES;
				GCC_WARN_64_TO_32_BIT_CONVERSION = YES;
				GCC_WARN_ABOUT_RETURN_TYPE = YES_ERROR;
				GCC_WARN_UNDECLARED_SELECTOR = YES;
				GCC_WARN_UNINITIALIZED_AUTOS = YES_AGGRESSIVE;
				GCC_WARN_UNUSED_FUNCTION = YES;
				GCC_WARN_UNUSED_VARIABLE = YES;
				IPHONEOS_DEPLOYMENT_TARGET = 15.4;
				MTL_ENABLE_DEBUG_INFO = NO;
				MTL_FAST_MATH = YES;
				SDKROOT = iphoneos;
				SWIFT_COMPILATION_MODE = wholemodule;
				SWIFT_OPTIMIZATION_LEVEL = "-O";
				VALIDATE_PRODUCT = YES;
			};
			name = Release;
		};
		154B3DC728EF360D00123405 /* Debug */ = {
			isa = XCBuildConfiguration;
			buildSettings = {
				ASSETCATALOG_COMPILER_APPICON_NAME = AppIcon;
				ASSETCATALOG_COMPILER_GLOBAL_ACCENT_COLOR_NAME = AccentColor;
				CODE_SIGN_STYLE = Automatic;
				CURRENT_PROJECT_VERSION = 1;
				DEVELOPMENT_TEAM = 4VHDP9R2R6;
				GENERATE_INFOPLIST_FILE = YES;
				INFOPLIST_FILE = EDevLearning/Info.plist;
				INFOPLIST_KEY_UIApplicationSupportsIndirectInputEvents = YES;
				INFOPLIST_KEY_UILaunchStoryboardName = LaunchScreen;
				INFOPLIST_KEY_UIMainStoryboardFile = Main;
				INFOPLIST_KEY_UISupportedInterfaceOrientations_iPad = "UIInterfaceOrientationPortrait UIInterfaceOrientationPortraitUpsideDown UIInterfaceOrientationLandscapeLeft UIInterfaceOrientationLandscapeRight";
				INFOPLIST_KEY_UISupportedInterfaceOrientations_iPhone = "UIInterfaceOrientationPortrait UIInterfaceOrientationLandscapeLeft UIInterfaceOrientationLandscapeRight";
				LD_RUNPATH_SEARCH_PATHS = (
					"$(inherited)",
					"@executable_path/Frameworks",
				);
				MARKETING_VERSION = 1.0;
				PRODUCT_BUNDLE_IDENTIFIER = com.raga4dev.EDevLearning;
				PRODUCT_NAME = "$(TARGET_NAME)";
				SWIFT_EMIT_LOC_STRINGS = YES;
				SWIFT_VERSION = 5.0;
				TARGETED_DEVICE_FAMILY = "1,2";
			};
			name = Debug;
		};
		154B3DC828EF360D00123405 /* Release */ = {
			isa = XCBuildConfiguration;
			buildSettings = {
				ASSETCATALOG_COMPILER_APPICON_NAME = AppIcon;
				ASSETCATALOG_COMPILER_GLOBAL_ACCENT_COLOR_NAME = AccentColor;
				CODE_SIGN_STYLE = Automatic;
				CURRENT_PROJECT_VERSION = 1;
				DEVELOPMENT_TEAM = 4VHDP9R2R6;
				GENERATE_INFOPLIST_FILE = YES;
				INFOPLIST_FILE = EDevLearning/Info.plist;
				INFOPLIST_KEY_UIApplicationSupportsIndirectInputEvents = YES;
				INFOPLIST_KEY_UILaunchStoryboardName = LaunchScreen;
				INFOPLIST_KEY_UIMainStoryboardFile = Main;
				INFOPLIST_KEY_UISupportedInterfaceOrientations_iPad = "UIInterfaceOrientationPortrait UIInterfaceOrientationPortraitUpsideDown UIInterfaceOrientationLandscapeLeft UIInterfaceOrientationLandscapeRight";
				INFOPLIST_KEY_UISupportedInterfaceOrientations_iPhone = "UIInterfaceOrientationPortrait UIInterfaceOrientationLandscapeLeft UIInterfaceOrientationLandscapeRight";
				LD_RUNPATH_SEARCH_PATHS = (
					"$(inherited)",
					"@executable_path/Frameworks",
				);
				MARKETING_VERSION = 1.0;
				PRODUCT_BUNDLE_IDENTIFIER = com.raga4dev.EDevLearning;
				PRODUCT_NAME = "$(TARGET_NAME)";
				SWIFT_EMIT_LOC_STRINGS = YES;
				SWIFT_VERSION = 5.0;
				TARGETED_DEVICE_FAMILY = "1,2";
			};
			name = Release;
		};
/* End XCBuildConfiguration section */

/* Begin XCConfigurationList section */
		154B3DAD28EF360A00123405 /* Build configuration list for PBXProject "EDevLearning" */ = {
			isa = XCConfigurationList;
			buildConfigurations = (
				154B3DC428EF360D00123405 /* Debug */,
				154B3DC528EF360D00123405 /* Release */,
			);
			defaultConfigurationIsVisible = 0;
			defaultConfigurationName = Release;
		};
		154B3DC628EF360D00123405 /* Build configuration list for PBXNativeTarget "EDevLearning" */ = {
			isa = XCConfigurationList;
			buildConfigurations = (
				154B3DC728EF360D00123405 /* Debug */,
				154B3DC828EF360D00123405 /* Release */,
			);
			defaultConfigurationIsVisible = 0;
			defaultConfigurationName = Release;
		};
/* End XCConfigurationList section */
	};
	rootObject = 154B3DAA28EF360A00123405 /* Project object */;
}
